
Microsoft Visual Studio Solution File, Format Version 12.00
# Visual Studio 15
VisualStudioVersion = 15.0.28307.136
MinimumVisualStudioVersion = 10.0.40219.1
Project("{FAE04EC0-301F-11D3-BF4B-00C04F79EFBC}") = "Higurashi Rescripter", "Higurashi Rescripter\Higurashi Rescripter.csproj", "{AA1BCA1F-9A3E-4011-A141-87BF428FA669}"
EndProject
Global
	GlobalSection(SolutionConfigurationPlatforms) = preSolution
		Debug|Any CPU = Debug|Any CPU
		Release|Any CPU = Release|Any CPU
	EndGlobalSection
	GlobalSection(ProjectConfigurationPlatforms) = postSolution
		{AA1BCA1F-9A3E-4011-A141-87BF428FA669}.Debug|Any CPU.ActiveCfg = Debug|Any CPU
		{AA1BCA1F-9A3E-4011-A141-87BF428FA669}.Debug|Any CPU.Build.0 = Debug|Any CPU
		{AA1BCA1F-9A3E-4011-A141-87BF428FA669}.Release|Any CPU.ActiveCfg = Release|Any CPU
		{AA1BCA1F-9A3E-4011-A141-87BF428FA669}.Release|Any CPU.Build.0 = Release|Any CPU
	EndGlobalSection
	GlobalSection(SolutionProperties) = preSolution
		HideSolutionNode = FALSE
	EndGlobalSection
	GlobalSection(ExtensibilityGlobals) = postSolution
		SolutionGuid = {F60AD5D9-2AA2-46A9-AF15-3EF013B18608}
	EndGlobalSection
EndGlobal
